github.com/gorilla/mux v1.8.0 h1:i40aqfkR1h2SlN9hojwV5ZA91wcXFOvkdNIeFDP5koI=
github.com/gorilla/mux v1.8.0/go.mod h1:DVbg23sWSpFRCP0SfiEN6jmj59UnW/n46BH5rLB71So=
github.com/shavitshelli/puppy v0.0.0-20230719091105-a80d6a851654 h1:rCgW5oqwU5SdH+jftyb6eijd+fWuDErI70eSquiQAfY=
github.com/shavitshelli/puppy v0.0.0-20230719091105-a80d6a851654/go.mod h1:AbO+utog6fgR3DKSsauq3vanSr0CHWhx5JaSEe5lO9E=
